
Microsoft Visual Studio Solution File, Format Version 12.00
# Visual Studio Version 17
VisualStudioVersion = 17.8.34309.116
MinimumVisualStudioVersion = 10.0.40219.1
Project("{FAE04EC0-301F-11D3-BF4B-00C04F79EFBC}") = "speedrun3.2", "speedrun3.2.csproj", "{4FA9FEB7-D459-4B5A-9543-12035F1A676A}"
EndProject
Global
	GlobalSection(SolutionConfigurationPlatforms) = preSolution
		Debug|Any CPU = Debug|Any CPU
		Release|Any CPU = Release|Any CPU
	EndGlobalSection
	GlobalSection(ProjectConfigurationPlatforms) = postSolution
		{4FA9FEB7-D459-4B5A-9543-12035F1A676A}.Debug|Any CPU.ActiveCfg = Debug|Any CPU
		{4FA9FEB7-D459-4B5A-9543-12035F1A676A}.Debug|Any CPU.Build.0 = Debug|Any CPU
		{4FA9FEB7-D459-4B5A-9543-12035F1A676A}.Release|Any CPU.ActiveCfg = Release|Any CPU
		{4FA9FEB7-D459-4B5A-9543-12035F1A676A}.Release|Any CPU.Build.0 = Release|Any CPU
	EndGlobalSection
	GlobalSection(SolutionProperties) = preSolution
		HideSolutionNode = FALSE
	EndGlobalSection
	GlobalSection(ExtensibilityGlobals) = postSolution
		SolutionGuid = {2CB94561-8EA1-4F90-B475-1F75AC3ADD2D}
	EndGlobalSection
EndGlobal
